// !$*UTF8*$!
{
	archiveVersion = 1;
	classes = {
	};
	objectVersion = 46;
	objects = {

/* Begin PBXBuildFile section */
		CB5851F41EDFE340000B27B9 /* AppDelegate.swift in Sources */ = {isa = PBXBuildFile; fileRef = CB5851F31EDFE340000B27B9 /* AppDelegate.swift */; };
		CB5851F61EDFE340000B27B9 /* ViewController.swift in Sources */ = {isa = PBXBuildFile; fileRef = CB5851F51EDFE340000B27B9 /* ViewController.swift */; };
		CB5851F81EDFE340000B27B9 /* Assets.xcassets in Resources */ = {isa = PBXBuildFile; fileRef = CB5851F71EDFE340000B27B9 /* Assets.xcassets */; };
		CB5851FB1EDFE340000B27B9 /* Main.storyboard in Resources */ = {isa = PBXBuildFile; fileRef = CB5851F91EDFE340000B27B9 /* Main.storyboard */; };
		CB827B991EE03CA8005FA61C /* Cocoa.framework in Frameworks */ = {isa = PBXBuildFile; fileRef = CB827B981EE03CA8005FA61C /* Cocoa.framework */; };
		CB827B9B1EE03CB8005FA61C /* Quartz.framework in Frameworks */ = {isa = PBXBuildFile; fileRef = CB827B9A1EE03CB8005FA61C /* Quartz.framework */; };
		CB827B9D1EE041EE005FA61C /* QuartzCore.framework in Frameworks */ = {isa = PBXBuildFile; fileRef = CB827B9C1EE041EE005FA61C /* QuartzCore.framework */; };
		CBEFF1C61EE0F77900AFA876 /* IKPictureTaker.entitlements in Resources */ = {isa = PBXBuildFile; fileRef = CBEFF1C51EE0F77900AFA876 /* IKPictureTaker.entitlements */; };
		CBEFF1C81EE0F83800AFA876 /* picture.jpg in Resources */ = {isa = PBXBuildFile; fileRef = CBEFF1C71EE0F83800AFA876 /* picture.jpg */; };
/* End PBXBuildFile section */

/* Begin PBXFileReference section */
		CB5851F01EDFE340000B27B9 /* IKPictureTaker.app */ = {isa = PBXFileReference; explicitFileType = wrapper.application; includeInIndex = 0; path = IKPictureTaker.app; sourceTree = BUILT_PRODUCTS_DIR; };
		CB5851F31EDFE340000B27B9 /* AppDelegate.swift */ = {isa = PBXFileReference; lastKnownFileType = sourcecode.swift; path = AppDelegate.swift; sourceTree = "<group>"; };
		CB5851F51EDFE340000B27B9 /* ViewController.swift */ = {isa = PBXFileReference; lastKnownFileType = sourcecode.swift; path = ViewController.swift; sourceTree = "<group>"; };
		CB5851F71EDFE340000B27B9 /* Assets.xcassets */ = {isa = PBXFileReference; lastKnownFileType = folder.assetcatalog; path = Assets.xcassets; sourceTree = "<group>"; };
		CB5851FA1EDFE340000B27B9 /* Base */ = {isa = PBXFileReference; lastKnownFileType = file.storyboard; name = Base; path = Base.lproj/Main.storyboard; sourceTree = "<group>"; };
		CB5851FC1EDFE340000B27B9 /* Info.plist */ = {isa = PBXFileReference; lastKnownFileType = text.plist.xml; path = Info.plist; sourceTree = "<group>"; };
		CB827B981EE03CA8005FA61C /* Cocoa.framework */ = {isa = PBXFileReference; lastKnownFileType = wrapper.framework; name = Cocoa.framework; path = System/Library/Frameworks/Cocoa.framework; sourceTree = SDKROOT; };
		CB827B9A1EE03CB8005FA61C /* Quartz.framework */ = {isa = PBXFileReference; lastKnownFileType = wrapper.framework; name = Quartz.framework; path = System/Library/Frameworks/Quartz.framework; sourceTree = SDKROOT; };
		CB827B9C1EE041EE005FA61C /* QuartzCore.framework */ = {isa = PBXFileReference; lastKnownFileType = wrapper.framework; name = QuartzCore.framework; path = System/Library/Frameworks/QuartzCore.framework; sourceTree = SDKROOT; };
		CBEFF1C51EE0F77900AFA876 /* IKPictureTaker.entitlements */ = {isa = PBXFileReference; fileEncoding = 4; lastKnownFileType = text.plist.entitlements; path = IKPictureTaker.entitlements; sourceTree = "<group>"; };
		CBEFF1C71EE0F83800AFA876 /* picture.jpg */ = {isa = PBXFileReference; lastKnownFileType = image.jpeg; path = picture.jpg; sourceTree = "<group>"; };
/* End PBXFileReference section */

/* Begin PBXFrameworksBuildPhase section */
		CB5851ED1EDFE340000B27B9 /* Frameworks */ = {
			isa = PBXFrameworksBuildPhase;
			buildActionMask = 2147483647;
			files = (
				CB827B9D1EE041EE005FA61C /* QuartzCore.framework in Frameworks */,
				CB827B9B1EE03CB8005FA61C /* Quartz.framework in Frameworks */,
				CB827B991EE03CA8005FA61C /* Cocoa.framework in Frameworks */,
			);
			runOnlyForDeploymentPostprocessing = 0;
		};
/* End PBXFrameworksBuildPhase section */

/* Begin PBXGroup section */
		CB5851E71EDFE340000B27B9 = {
			isa = PBXGroup;
			children = (
				CB5851F21EDFE340000B27B9 /* IKPictureTaker */,
				CB5851F11EDFE340000B27B9 /* Products */,
				CB827B971EE03CA8005FA61C /* Frameworks */,
			);
			sourceTree = "<group>";
		};
		CB5851F11EDFE340000B27B9 /* Products */ = {
			isa = PBXGroup;
			children = (
				CB5851F01EDFE340000B27B9 /* IKPictureTaker.app */,
			);
			name = Products;
			sourceTree = "<group>";
		};
		CB5851F21EDFE340000B27B9 /* IKPictureTaker */ = {
			isa = PBXGroup;
			children = (
				CB5851F31EDFE340000B27B9 /* AppDelegate.swift */,
				CB5851F51EDFE340000B27B9 /* ViewController.swift */,
				CB5851F71EDFE340000B27B9 /* Assets.xcassets */,
				CBEFF1C71EE0F83800AFA876 /* picture.jpg */,
				CB5851F91EDFE340000B27B9 /* Main.storyboard */,
				CB5851FC1EDFE340000B27B9 /* Info.plist */,
				CBEFF1C51EE0F77900AFA876 /* IKPictureTaker.entitlements */,
			);
			path = IKPictureTaker;
			sourceTree = "<group>";
		};
		CB827B971EE03CA8005FA61C /* Frameworks */ = {
			isa = PBXGroup;
			children = (
				CB827B9C1EE041EE005FA61C /* QuartzCore.framework */,
				CB827B9A1EE03CB8005FA61C /* Quartz.framework */,
				CB827B981EE03CA8005FA61C /* Cocoa.framework */,
			);
			name = Frameworks;
			sourceTree = "<group>";
		};
/* End PBXGroup section */

/* Begin PBXNativeTarget section */
		CB5851EF1EDFE340000B27B9 /* IKPictureTaker */ = {
			isa = PBXNativeTarget;
			buildConfigurationList = CB5851FF1EDFE340000B27B9 /* Build configuration list for PBXNativeTarget "IKPictureTaker" */;
			buildPhases = (
				CB5851EC1EDFE340000B27B9 /* Sources */,
				CB5851ED1EDFE340000B27B9 /* Frameworks */,
				CB5851EE1EDFE340000B27B9 /* Resources */,
			);
			buildRules = (
			);
			dependencies = (
			);
			name = IKPictureTaker;
			productName = IKPictureTaker;
			productReference = CB5851F01EDFE340000B27B9 /* IKPictureTaker.app */;
			productType = "com.apple.product-type.application";
		};
/* End PBXNativeTarget section */

/* Begin PBXProject section */
		CB5851E81EDFE340000B27B9 /* Project object */ = {
			isa = PBXProject;
			attributes = {
				LastSwiftUpdateCheck = 0830;
				LastUpgradeCheck = 0830;
				ORGANIZATIONNAME = "Karl Zeo";
				TargetAttributes = {
					CB5851EF1EDFE340000B27B9 = {
						CreatedOnToolsVersion = 8.3.2;
						DevelopmentTeam = 8Z364AJ4ML;
						ProvisioningStyle = Automatic;
					};
				};
			};
			buildConfigurationList = CB5851EB1EDFE340000B27B9 /* Build configuration list for PBXProject "IKPictureTaker" */;
			compatibilityVersion = "Xcode 3.2";
			developmentRegion = English;
			hasScannedForEncodings = 0;
			knownRegions = (
				en,
				Base,
			);
			mainGroup = CB5851E71EDFE340000B27B9;
			productRefGroup = CB5851F11EDFE340000B27B9 /* Products */;
			projectDirPath = "";
			projectRoot = "";
			targets = (
				CB5851EF1EDFE340000B27B9 /* IKPictureTaker */,
			);
		};
/* End PBXProject section */

/* Begin PBXResourcesBuildPhase section */
		CB5851EE1EDFE340000B27B9 /* Resources */ = {
			isa = PBXResourcesBuildPhase;
			buildActionMask = 2147483647;
			files = (
				CB5851F81EDFE340000B27B9 /* Assets.xcassets in Resources */,
				CB5851FB1EDFE340000B27B9 /* Main.storyboard in Resources */,
				CBEFF1C81EE0F83800AFA876 /* picture.jpg in Resources */,
				CBEFF1C61EE0F77900AFA876 /* IKPictureTaker.entitlements in Resources */,
			);
			runOnlyForDeploymentPostprocessing = 0;
		};
/* End PBXResourcesBuildPhase section */

/* Begin PBXSourcesBuildPhase section */
		CB5851EC1EDFE340000B27B9 /* Sources */ = {
			isa = PBXSourcesBuildPhase;
			buildActionMask = 2147483647;
			files = (
				CB5851F61EDFE340000B27B9 /* ViewController.swift in Sources */,
				CB5851F41EDFE340000B27B9 /* AppDelegate.swift in Sources */,
			);
			runOnlyForDeploymentPostprocessing = 0;
		};
/* End PBXSourcesBuildPhase section */

/* Begin PBXVariantGroup section */
		CB5851F91EDFE340000B27B9 /* Main.storyboard */ = {
			isa = PBXVariantGroup;
			children = (
				CB5851FA1EDFE340000B27B9 /* Base */,
			);
			name = Main.storyboard;
			sourceTree = "<group>";
		};
/* End PBXVariantGroup section */

/* Begin XCBuildConfiguration section */
		CB5851FD1EDFE340000B27B9 /* Debug */ = {
			isa = XCBuildConfiguration;
			buildSettings = {
				ALWAYS_SEARCH_USER_PATHS = NO;
				CLANG_ANALYZER_NONNULL = YES;
				CLANG_ANALYZER_NUMBER_OBJECT_CONVERSION = YES_AGGRESSIVE;
				CLANG_CXX_LANGUAGE_STANDARD = "gnu++0x";
				CLANG_CXX_LIBRARY = "libc++";
				CLANG_ENABLE_MODULES = YES;
				CLANG_ENABLE_OBJC_ARC = YES;
				CLANG_WARN_BOOL_CONVERSION = YES;
				CLANG_WARN_CONSTANT_CONVERSION = YES;
				CLANG_WARN_DIRECT_OBJC_ISA_USAGE = YES_ERROR;
				CLANG_WARN_DOCUMENTATION_COMMENTS = YES;
				CLANG_WARN_EMPTY_BODY = YES;
				CLANG_WARN_ENUM_CONVERSION = YES;
				CLANG_WARN_INFINITE_RECURSION = YES;
				CLANG_WARN_INT_CONVERSION = YES;
				CLANG_WARN_OBJC_ROOT_CLASS = YES_ERROR;
				CLANG_WARN_SUSPICIOUS_MOVE = YES;
				CLANG_WARN_UNREACHABLE_CODE = YES;
				CLANG_WARN__DUPLICATE_METHOD_MATCH = YES;
				CODE_SIGN_IDENTITY = "-";
				COPY_PHASE_STRIP = NO;
				DEBUG_INFORMATION_FORMAT = dwarf;
				ENABLE_STRICT_OBJC_MSGSEND = YES;
				ENABLE_TESTABILITY = YES;
				GCC_C_LANGUAGE_STANDARD = gnu99;
				GCC_DYNAMIC_NO_PIC = NO;
				GCC_NO_COMMON_BLOCKS = YES;
				GCC_OPTIMIZATION_LEVEL = 0;
				GCC_PREPROCESSOR_DEFINITIONS = (
					"DEBUG=1",
					"$(inherited)",
				);
				GCC_WARN_64_TO_32_BIT_CONVERSION = YES;
				GCC_WARN_ABOUT_RETURN_TYPE = YES_ERROR;
				GCC_WARN_UNDECLARED_SELECTOR = YES;
				GCC_WARN_UNINITIALIZED_AUTOS = YES_AGGRESSIVE;
				GCC_WARN_UNUSED_FUNCTION = YES;
				GCC_WARN_UNUSED_VARIABLE = YES;
				MACOSX_DEPLOYMENT_TARGET = 10.12;
				MTL_ENABLE_DEBUG_INFO = YES;
				ONLY_ACTIVE_ARCH = YES;
				SDKROOT = macosx;
				SWIFT_ACTIVE_COMPILATION_CONDITIONS = DEBUG;
				SWIFT_OPTIMIZATION_LEVEL = "-Onone";
			};
			name = Debug;
		};
		CB5851FE1EDFE340000B27B9 /* Release */ = {
			isa = XCBuildConfiguration;
			buildSettings = {
				ALWAYS_SEARCH_USER_PATHS = NO;
				CLANG_ANALYZER_NONNULL = YES;
				CLANG_ANALYZER_NUMBER_OBJECT_CONVERSION = YES_AGGRESSIVE;
				CLANG_CXX_LANGUAGE_STANDARD = "gnu++0x";
				CLANG_CXX_LIBRARY = "libc++";
				CLANG_ENABLE_MODULES = YES;
				CLANG_ENABLE_OBJC_ARC = YES;
				CLANG_WARN_BOOL_CONVERSION = YES;
				CLANG_WARN_CONSTANT_CONVERSION = YES;
				CLANG_WARN_DIRECT_OBJC_ISA_USAGE = YES_ERROR;
				CLANG_WARN_DOCUMENTATION_COMMENTS = YES;
				CLANG_WARN_EMPTY_BODY = YES;
				CLANG_WARN_ENUM_CONVERSION = YES;
				CLANG_WARN_INFINITE_RECURSION = YES;
				CLANG_WARN_INT_CONVERSION = YES;
				CLANG_WARN_OBJC_ROOT_CLASS = YES_ERROR;
				CLANG_WARN_SUSPICIOUS_MOVE = YES;
				CLANG_WARN_UNREACHABLE_CODE = YES;
				CLANG_WARN__DUPLICATE_METHOD_MATCH = YES;
				CODE_SIGN_IDENTITY = "-";
				COPY_PHASE_STRIP = NO;
				DEBUG_INFORMATION_FORMAT = "dwarf-with-dsym";
				ENABLE_NS_ASSERTIONS = NO;
				ENABLE_STRICT_OBJC_MSGSEND = YES;
				GCC_C_LANGUAGE_STANDARD = gnu99;
				GCC_NO_COMMON_BLOCKS = YES;
				GCC_WARN_64_TO_32_BIT_CONVERSION = YES;
				GCC_WARN_ABOUT_RETURN_TYPE = YES_ERROR;
				GCC_WARN_UNDECLARED_SELECTOR = YES;
				GCC_WARN_UNINITIALIZED_AUTOS = YES_AGGRESSIVE;
				GCC_WARN_UNUSED_FUNCTION = YES;
				GCC_WARN_UNUSED_VARIABLE = YES;
				MACOSX_DEPLOYMENT_TARGET = 10.12;
				MTL_ENABLE_DEBUG_INFO = NO;
				SDKROOT = macosx;
				SWIFT_OPTIMIZATION_LEVEL = "-Owholemodule";
			};
			name = Release;
		};
		CB5852001EDFE340000B27B9 /* Debug */ = {
			isa = XCBuildConfiguration;
			buildSettings = {
				ASSETCATALOG_COMPILER_APPICON_NAME = AppIcon;
				COMBINE_HIDPI_IMAGES = YES;
				DEVELOPMENT_TEAM = 8Z364AJ4ML;
				INFOPLIST_FILE = IKPictureTaker/Info.plist;
				LD_RUNPATH_SEARCH_PATHS = "$(inherited) @executable_path/../Frameworks";
				PRODUCT_BUNDLE_IDENTIFIER = zeo.KZ.IKPictureTaker;
				PRODUCT_NAME = "$(TARGET_NAME)";
				SWIFT_VERSION = 3.0;
			};
			name = Debug;
		};
		CB5852011EDFE340000B27B9 /* Release */ = {
			isa = XCBuildConfiguration;
			buildSettings = {
				ASSETCATALOG_COMPILER_APPICON_NAME = AppIcon;
				COMBINE_HIDPI_IMAGES = YES;
				DEVELOPMENT_TEAM = 8Z364AJ4ML;
				INFOPLIST_FILE = IKPictureTaker/Info.plist;
				LD_RUNPATH_SEARCH_PATHS = "$(inherited) @executable_path/../Frameworks";
				PRODUCT_BUNDLE_IDENTIFIER = zeo.KZ.IKPictureTaker;
				PRODUCT_NAME = "$(TARGET_NAME)";
				SWIFT_VERSION = 3.0;
			};
			name = Release;
		};
/* End XCBuildConfiguration section */

/* Begin XCConfigurationList section */
		CB5851EB1EDFE340000B27B9 /* Build configuration list for PBXProject "IKPictureTaker" */ = {
			isa = XCConfigurationList;
			buildConfigurations = (
				CB5851FD1EDFE340000B27B9 /* Debug */,
				CB5851FE1EDFE340000B27B9 /* Release */,
			);
			defaultConfigurationIsVisible = 0;
			defaultConfigurationName = Release;
		};
		CB5851FF1EDFE340000B27B9 /* Build configuration list for PBXNativeTarget "IKPictureTaker" */ = {
			isa = XCConfigurationList;
			buildConfigurations = (
				CB5852001EDFE340000B27B9 /* Debug */,
				CB5852011EDFE340000B27B9 /* Release */,
			);
			defaultConfigurationIsVisible = 0;
			defaultConfigurationName = Release;
		};
/* End XCConfigurationList section */
	};
	rootObject = CB5851E81EDFE340000B27B9 /* Project object */;
}
